github.com/modelcontextprotocol/go-sdk v1.7.0 h1:yqjY2dsbKAC0LSuWZVBMrHgiG8ukXv6NRo0JiALay44=
github.com/modelcontextprotocol/go-sdk v1.7.0/go.mod h1:dL7u98E/zjJTGzEq+j30jQ8K2k1mb6LeAH4inEcSGts=
github.com/njreid/gokdl2 v0.6.0 h1:oFXbr/wO67KgrJcGy8al0lQlor71HWf+lMVA9QaIw/M=
github.com/njreid/gokdl2 v0.6.0/go.mod h1:suRqzSehZNAS5Qwk21SzbqTUOJ6WvrUuKRvRH0a5K0Q=
